{
  "name": "ForumProjekt",
  "lockfileVersion": 2,
  "requires": true,
  "packages": {
    "": {
      "dependencies": {
        "angular-ui-notification": "^0.3.6",
        "ng-notify": "^0.7.1"
      }
    },
    "node_modules/angular-ui-notification": {
      "version": "0.3.6",
      "resolved": "https://registry.npmjs.org/angular-ui-notification/-/angular-ui-notification-0.3.6.tgz",
      "integrity": "sha512-Ki6MsFyTtA/8YCYnRd7COr55RC0AMoBorOoKHfLeZSOpk9UxrBv9wg077PiJgmGoCEkG7uun0zbp3bxOtKdD+w=="
    },
    "node_modules/ng-notify": {
      "version": "0.7.1",
      "resolved": "https://registry.npmjs.org/ng-notify/-/ng-notify-0.7.1.tgz",
      "integrity": "sha512-uju3NfrOW+Hg4u39yeiBG/kPRGVPX9f9z3dEEoKoBO7GqS0glSIeW78LLy9AEr7CAu8f/RHJGJzrZKMUwDmsew=="
    }
  },
  "dependencies": {
    "angular-ui-notification": {
      "version": "0.3.6",
      "resolved": "https://registry.npmjs.org/angular-ui-notification/-/angular-ui-notification-0.3.6.tgz",
      "integrity": "sha512-Ki6MsFyTtA/8YCYnRd7COr55RC0AMoBorOoKHfLeZSOpk9UxrBv9wg077PiJgmGoCEkG7uun0zbp3bxOtKdD+w=="
    },
    "ng-notify": {
      "version": "0.7.1",
      "resolved": "https://registry.npmjs.org/ng-notify/-/ng-notify-0.7.1.tgz",
      "integrity": "sha512-uju3NfrOW+Hg4u39yeiBG/kPRGVPX9f9z3dEEoKoBO7GqS0glSIeW78LLy9AEr7CAu8f/RHJGJzrZKMUwDmsew=="
    }
  }
}
