{
  "name": "ForumProjekt",
  "lockfileVersion": 3,
  "requires": true,
  "packages": {
    "": {
      "dependencies": {
        "demon": "^0.0.1"
      }
    },
    "node_modules/demon": {
      "version": "0.0.1",
      "resolved": "https://registry.npmjs.org/demon/-/demon-0.0.1.tgz",
      "integrity": "sha512-nEvrVwlvYi5B6+6i0HZ+YfOYjKgO3q6pH9Cj1g7EesqWvHBNDYY2Xd/EsgL3m5KYa4YGMleBD84Jx3rVnX02sg=="
    }
  }
}
